
Microsoft Visual Studio Solution File, Format Version 12.00
# Visual Studio Version 17
VisualStudioVersion = 17.14.36603.0
MinimumVisualStudioVersion = 10.0.40219.1
Project("{2150E333-8FDC-42A3-9474-1A3956D46DE8}") = "src", "src", "{02EA681E-C7D8-13C7-8484-4AC65E1B71E8}"
EndProject
Project("{FAE04EC0-301F-11D3-BF4B-00C04F79EFBC}") = "FrameworkOptions", "src\Framework.Options\FrameworkOptions.csproj", "{29A3C4E5-2852-6BE1-CD5E-4F4D90544828}"
EndProject
Project("{2150E333-8FDC-42A3-9474-1A3956D46DE8}") = "test", "test", "{587738FE-7222-44F4-A1A8-253331E48A4E}"
EndProject
Project("{FAE04EC0-301F-11D3-BF4B-00C04F79EFBC}") = "FrameworkOptions.Tests.Unit", "test\Framework.Options.Tests.Unit\FrameworkOptions.Tests.Unit.csproj", "{DB86F7AD-98B3-4B05-BC94-3561E68BB5F5}"
EndProject
Global
	GlobalSection(SolutionConfigurationPlatforms) = preSolution
		Debug|Any CPU = Debug|Any CPU
		Release|Any CPU = Release|Any CPU
	EndGlobalSection
	GlobalSection(ProjectConfigurationPlatforms) = postSolution
		{29A3C4E5-2852-6BE1-CD5E-4F4D90544828}.Debug|Any CPU.ActiveCfg = Debug|Any CPU
		{29A3C4E5-2852-6BE1-CD5E-4F4D90544828}.Debug|Any CPU.Build.0 = Debug|Any CPU
		{29A3C4E5-2852-6BE1-CD5E-4F4D90544828}.Release|Any CPU.ActiveCfg = Release|Any CPU
		{29A3C4E5-2852-6BE1-CD5E-4F4D90544828}.Release|Any CPU.Build.0 = Release|Any CPU
		{DB86F7AD-98B3-4B05-BC94-3561E68BB5F5}.Debug|Any CPU.ActiveCfg = Debug|Any CPU
		{DB86F7AD-98B3-4B05-BC94-3561E68BB5F5}.Debug|Any CPU.Build.0 = Debug|Any CPU
		{DB86F7AD-98B3-4B05-BC94-3561E68BB5F5}.Release|Any CPU.ActiveCfg = Release|Any CPU
		{DB86F7AD-98B3-4B05-BC94-3561E68BB5F5}.Release|Any CPU.Build.0 = Release|Any CPU
	EndGlobalSection
	GlobalSection(SolutionProperties) = preSolution
		HideSolutionNode = FALSE
	EndGlobalSection
	GlobalSection(NestedProjects) = preSolution
		{29A3C4E5-2852-6BE1-CD5E-4F4D90544828} = {02EA681E-C7D8-13C7-8484-4AC65E1B71E8}
		{DB86F7AD-98B3-4B05-BC94-3561E68BB5F5} = {587738FE-7222-44F4-A1A8-253331E48A4E}
	EndGlobalSection
	GlobalSection(ExtensibilityGlobals) = postSolution
		SolutionGuid = {51880F4A-23A6-422C-B777-350020CAD917}
	EndGlobalSection
EndGlobal
